
Microsoft Visual Studio Solution File, Format Version 12.00
# Visual Studio 15
VisualStudioVersion = 15.0.27004.2005
MinimumVisualStudioVersion = 10.0.40219.1
Project("{FAE04EC0-301F-11D3-BF4B-00C04F79EFBC}") = "HashTable", "HashTable\HashTable.csproj", "{04AAC0DE-A424-48DA-B330-C636D91B20FA}"
EndProject
Project("{FAE04EC0-301F-11D3-BF4B-00C04F79EFBC}") = "HashTests", "HashTests\HashTests.csproj", "{345E98D0-B030-44C4-8D97-5A2FDE7C7681}"
EndProject
Global
	GlobalSection(SolutionConfigurationPlatforms) = preSolution
		Debug|Any CPU = Debug|Any CPU
		Release|Any CPU = Release|Any CPU
	EndGlobalSection
	GlobalSection(ProjectConfigurationPlatforms) = postSolution
		{04AAC0DE-A424-48DA-B330-C636D91B20FA}.Debug|Any CPU.ActiveCfg = Debug|Any CPU
		{04AAC0DE-A424-48DA-B330-C636D91B20FA}.Debug|Any CPU.Build.0 = Debug|Any CPU
		{04AAC0DE-A424-48DA-B330-C636D91B20FA}.Release|Any CPU.ActiveCfg = Release|Any CPU
		{04AAC0DE-A424-48DA-B330-C636D91B20FA}.Release|Any CPU.Build.0 = Release|Any CPU
		{345E98D0-B030-44C4-8D97-5A2FDE7C7681}.Debug|Any CPU.ActiveCfg = Debug|Any CPU
		{345E98D0-B030-44C4-8D97-5A2FDE7C7681}.Debug|Any CPU.Build.0 = Debug|Any CPU
		{345E98D0-B030-44C4-8D97-5A2FDE7C7681}.Release|Any CPU.ActiveCfg = Release|Any CPU
		{345E98D0-B030-44C4-8D97-5A2FDE7C7681}.Release|Any CPU.Build.0 = Release|Any CPU
	EndGlobalSection
	GlobalSection(SolutionProperties) = preSolution
		HideSolutionNode = FALSE
	EndGlobalSection
	GlobalSection(ExtensibilityGlobals) = postSolution
		SolutionGuid = {88865A76-C5EA-4E84-B489-E11A0A5D33E4}
	EndGlobalSection
EndGlobal
